
Microsoft Visual Studio Solution File, Format Version 12.00
# Visual Studio Version 16
VisualStudioVersion = 16.0.31313.79
MinimumVisualStudioVersion = 10.0.40219.1
Project("{FAE04EC0-301F-11D3-BF4B-00C04F79EFBC}") = "CristianKulessa.Locadora.BackOffice.WebApp", "CristianKulessa.Locadora.BackOffice.WebApp\CristianKulessa.Locadora.BackOffice.WebApp.csproj", "{5A2CABE7-2AF9-455E-B1A1-3D228202B4EA}"
EndProject
Project("{00D1A9C2-B5F0-4AF3-8072-F6C62B433612}") = "CristianKulessa.Locadora.BackOffice.Database", "CristianKulessa.Locadora.BackOffice.Database\CristianKulessa.Locadora.BackOffice.Database.sqlproj", "{4B99368F-3A7E-464C-B8F2-7ABF01F3691B}"
EndProject
Project("{FAE04EC0-301F-11D3-BF4B-00C04F79EFBC}") = "CristianKulessa.Locadora.BackOffice.WebApi", "CristianKulessa.Locadora.BackOffice.WebApi\CristianKulessa.Locadora.BackOffice.WebApi.csproj", "{A6B2FEEC-BCD8-4CEB-AFCD-994CDABAC352}"
EndProject
Global
	GlobalSection(SolutionConfigurationPlatforms) = preSolution
		Debug|Any CPU = Debug|Any CPU
		Release|Any CPU = Release|Any CPU
	EndGlobalSection
	GlobalSection(ProjectConfigurationPlatforms) = postSolution
		{5A2CABE7-2AF9-455E-B1A1-3D228202B4EA}.Debug|Any CPU.ActiveCfg = Debug|Any CPU
		{5A2CABE7-2AF9-455E-B1A1-3D228202B4EA}.Debug|Any CPU.Build.0 = Debug|Any CPU
		{5A2CABE7-2AF9-455E-B1A1-3D228202B4EA}.Release|Any CPU.ActiveCfg = Release|Any CPU
		{5A2CABE7-2AF9-455E-B1A1-3D228202B4EA}.Release|Any CPU.Build.0 = Release|Any CPU
		{4B99368F-3A7E-464C-B8F2-7ABF01F3691B}.Debug|Any CPU.ActiveCfg = Debug|Any CPU
		{4B99368F-3A7E-464C-B8F2-7ABF01F3691B}.Debug|Any CPU.Build.0 = Debug|Any CPU
		{4B99368F-3A7E-464C-B8F2-7ABF01F3691B}.Debug|Any CPU.Deploy.0 = Debug|Any CPU
		{4B99368F-3A7E-464C-B8F2-7ABF01F3691B}.Release|Any CPU.ActiveCfg = Release|Any CPU
		{4B99368F-3A7E-464C-B8F2-7ABF01F3691B}.Release|Any CPU.Build.0 = Release|Any CPU
		{4B99368F-3A7E-464C-B8F2-7ABF01F3691B}.Release|Any CPU.Deploy.0 = Release|Any CPU
		{A6B2FEEC-BCD8-4CEB-AFCD-994CDABAC352}.Debug|Any CPU.ActiveCfg = Debug|Any CPU
		{A6B2FEEC-BCD8-4CEB-AFCD-994CDABAC352}.Debug|Any CPU.Build.0 = Debug|Any CPU
		{A6B2FEEC-BCD8-4CEB-AFCD-994CDABAC352}.Release|Any CPU.ActiveCfg = Release|Any CPU
		{A6B2FEEC-BCD8-4CEB-AFCD-994CDABAC352}.Release|Any CPU.Build.0 = Release|Any CPU
	EndGlobalSection
	GlobalSection(SolutionProperties) = preSolution
		HideSolutionNode = FALSE
	EndGlobalSection
	GlobalSection(ExtensibilityGlobals) = postSolution
		SolutionGuid = {C6E68D21-2E54-48B9-BE3B-2813024F132E}
	EndGlobalSection
EndGlobal
